
Microsoft Visual Studio Solution File, Format Version 12.00
# Visual Studio Version 17
VisualStudioVersion = 17.7.34202.233
MinimumVisualStudioVersion = 10.0.40219.1
Project("{FAE04EC0-301F-11D3-BF4B-00C04F79EFBC}") = "MVCDescriptor", "MVCDescriptor.csproj", "{3A806285-B49D-4326-9917-4DC37B1DA962}"
EndProject
Global
	GlobalSection(SolutionConfigurationPlatforms) = preSolution
		Debug|Any CPU = Debug|Any CPU
		Release|Any CPU = Release|Any CPU
	EndGlobalSection
	GlobalSection(ProjectConfigurationPlatforms) = postSolution
		{3A806285-B49D-4326-9917-4DC37B1DA962}.Debug|Any CPU.ActiveCfg = Debug|Any CPU
		{3A806285-B49D-4326-9917-4DC37B1DA962}.Debug|Any CPU.Build.0 = Debug|Any CPU
		{3A806285-B49D-4326-9917-4DC37B1DA962}.Release|Any CPU.ActiveCfg = Release|Any CPU
		{3A806285-B49D-4326-9917-4DC37B1DA962}.Release|Any CPU.Build.0 = Release|Any CPU
	EndGlobalSection
	GlobalSection(SolutionProperties) = preSolution
		HideSolutionNode = FALSE
	EndGlobalSection
	GlobalSection(ExtensibilityGlobals) = postSolution
		SolutionGuid = {7F765F28-03EC-4A83-9F41-DF73ECF3943A}
	EndGlobalSection
EndGlobal
